# THIS IS AN AUTOGENERATED FILE. DO NOT EDIT THIS FILE DIRECTLY.
# yarn lockfile v1


"@babel/parser@^7.23.6":
  version "7.23.6"
  resolved "https://registry.npmmirror.com/@babel/parser/-/parser-7.23.6.tgz#ba1c9e512bda72a47e285ae42aff9d2a635a9e3b"
  integrity sha512-Z2uID7YJ7oNvAI20O9X0bblw7Qqs8Q2hFy0R9tAfnfLkp5MW0UH9eUvnDSnFwKZ0AvgS1ucqR4KzvVHgnke1VQ==

"@esbuild/aix-ppc64@0.19.10":
  version "0.19.10"
  resolved "https://registry.npmmirror.com/@esbuild/aix-ppc64/-/aix-ppc64-0.19.10.tgz#fb3922a0183d27446de00cf60d4f7baaadf98d84"
  integrity sha512-Q+mk96KJ+FZ30h9fsJl+67IjNJm3x2eX+GBWGmocAKgzp27cowCOOqSdscX80s0SpdFXZnIv/+1xD1EctFx96Q==

"@esbuild/android-arm64@0.19.10":
  version "0.19.10"
  resolved "https://registry.npmmirror.com/@esbuild/android-arm64/-/android-arm64-0.19.10.tgz#ef31015416dd79398082409b77aaaa2ade4d531a"
  integrity sha512-1X4CClKhDgC3by7k8aOWZeBXQX8dHT5QAMCAQDArCLaYfkppoARvh0fit3X2Qs+MXDngKcHv6XXyQCpY0hkK1Q==

"@esbuild/android-arm@0.19.10":
  version "0.19.10"
  resolved "https://registry.npmmirror.com/@esbuild/android-arm/-/android-arm-0.19.10.tgz#1c23c7e75473aae9fb323be5d9db225142f47f52"
  integrity sha512-7W0bK7qfkw1fc2viBfrtAEkDKHatYfHzr/jKAHNr9BvkYDXPcC6bodtm8AyLJNNuqClLNaeTLuwURt4PRT9d7w==

"@esbuild/android-x64@0.19.10":
  version "0.19.10"
  resolved "https://registry.npmmirror.com/@esbuild/android-x64/-/android-x64-0.19.10.tgz#df6a4e6d6eb8da5595cfce16d4e3f6bc24464707"
  integrity sha512-O/nO/g+/7NlitUxETkUv/IvADKuZXyH4BHf/g/7laqKC4i/7whLpB0gvpPc2zpF0q9Q6FXS3TS75QHac9MvVWw==

"@esbuild/darwin-arm64@0.19.10":
  version "0.19.10"
  resolved "https://registry.npmmirror.com/@esbuild/darwin-arm64/-/darwin-arm64-0.19.10.tgz#8462a55db07c1b2fad61c8244ce04469ef1043be"
  integrity sha512-YSRRs2zOpwypck+6GL3wGXx2gNP7DXzetmo5pHXLrY/VIMsS59yKfjPizQ4lLt5vEI80M41gjm2BxrGZ5U+VMA==

"@esbuild/darwin-x64@0.19.10":
  version "0.19.10"
  resolved "https://registry.npmmirror.com/@esbuild/darwin-x64/-/darwin-x64-0.19.10.tgz#d1de20bfd41bb75b955ba86a6b1004539e8218c1"
  integrity sha512-alfGtT+IEICKtNE54hbvPg13xGBe4GkVxyGWtzr+yHO7HIiRJppPDhOKq3zstTcVf8msXb/t4eavW3jCDpMSmA==

"@esbuild/freebsd-arm64@0.19.10":
  version "0.19.10"
  resolved "https://registry.npmmirror.com/@esbuild/freebsd-arm64/-/freebsd-arm64-0.19.10.tgz#16904879e34c53a2e039d1284695d2db3e664d57"
  integrity sha512-dMtk1wc7FSH8CCkE854GyGuNKCewlh+7heYP/sclpOG6Cectzk14qdUIY5CrKDbkA/OczXq9WesqnPl09mj5dg==

"@esbuild/freebsd-x64@0.19.10":
  version "0.19.10"
  resolved "https://registry.npmmirror.com/@esbuild/freebsd-x64/-/freebsd-x64-0.19.10.tgz#8ad9e5ca9786ca3f1ef1411bfd10b08dcd9d4cef"
  integrity sha512-G5UPPspryHu1T3uX8WiOEUa6q6OlQh6gNl4CO4Iw5PS+Kg5bVggVFehzXBJY6X6RSOMS8iXDv2330VzaObm4Ag==

"@esbuild/linux-arm64@0.19.10":
  version "0.19.10"
  resolved "https://registry.npmmirror.com/@esbuild/linux-arm64/-/linux-arm64-0.19.10.tgz#d82cf2c590faece82d28bbf1cfbe36f22ae25bd2"
  integrity sha512-QxaouHWZ+2KWEj7cGJmvTIHVALfhpGxo3WLmlYfJ+dA5fJB6lDEIg+oe/0//FuyVHuS3l79/wyBxbHr0NgtxJQ==

"@esbuild/linux-arm@0.19.10":
  version "0.19.10"
  resolved "https://registry.npmmirror.com/@esbuild/linux-arm/-/linux-arm-0.19.10.tgz#477b8e7c7bcd34369717b04dd9ee6972c84f4029"
  integrity sha512-j6gUW5aAaPgD416Hk9FHxn27On28H4eVI9rJ4az7oCGTFW48+LcgNDBN+9f8rKZz7EEowo889CPKyeaD0iw9Kg==

"@esbuild/linux-ia32@0.19.10":
  version "0.19.10"
  resolved "https://registry.npmmirror.com/@esbuild/linux-ia32/-/linux-ia32-0.19.10.tgz#d55ff822cf5b0252a57112f86857ff23be6cab0e"
  integrity sha512-4ub1YwXxYjj9h1UIZs2hYbnTZBtenPw5NfXCRgEkGb0b6OJ2gpkMvDqRDYIDRjRdWSe/TBiZltm3Y3Q8SN1xNg==

"@esbuild/linux-loong64@0.19.10":
  version "0.19.10"
  resolved "https://registry.npmmirror.com/@esbuild/linux-loong64/-/linux-loong64-0.19.10.tgz#a9ad057d7e48d6c9f62ff50f6f208e331c4543c7"
  integrity sha512-lo3I9k+mbEKoxtoIbM0yC/MZ1i2wM0cIeOejlVdZ3D86LAcFXFRdeuZmh91QJvUTW51bOK5W2BznGNIl4+mDaA==

"@esbuild/linux-mips64el@0.19.10":
  version "0.19.10"
  resolved "https://registry.npmmirror.com/@esbuild/linux-mips64el/-/linux-mips64el-0.19.10.tgz#b011a96924773d60ebab396fbd7a08de66668179"
  integrity sha512-J4gH3zhHNbdZN0Bcr1QUGVNkHTdpijgx5VMxeetSk6ntdt+vR1DqGmHxQYHRmNb77tP6GVvD+K0NyO4xjd7y4A==

"@esbuild/linux-ppc64@0.19.10":
  version "0.19.10"
  resolved "https://registry.npmmirror.com/@esbuild/linux-ppc64/-/linux-ppc64-0.19.10.tgz#5d8b59929c029811e473f2544790ea11d588d4dd"
  integrity sha512-tgT/7u+QhV6ge8wFMzaklOY7KqiyitgT1AUHMApau32ZlvTB/+efeCtMk4eXS+uEymYK249JsoiklZN64xt6oQ==

"@esbuild/linux-riscv64@0.19.10":
  version "0.19.10"
  resolved "https://registry.npmmirror.com/@esbuild/linux-riscv64/-/linux-riscv64-0.19.10.tgz#292b06978375b271bd8bc0a554e0822957508d22"
  integrity sha512-0f/spw0PfBMZBNqtKe5FLzBDGo0SKZKvMl5PHYQr3+eiSscfJ96XEknCe+JoOayybWUFQbcJTrk946i3j9uYZA==

"@esbuild/linux-s390x@0.19.10":
  version "0.19.10"
  resolved "https://registry.npmmirror.com/@esbuild/linux-s390x/-/linux-s390x-0.19.10.tgz#d30af63530f8d4fa96930374c9dd0d62bf59e069"
  integrity sha512-pZFe0OeskMHzHa9U38g+z8Yx5FNCLFtUnJtQMpwhS+r4S566aK2ci3t4NCP4tjt6d5j5uo4h7tExZMjeKoehAA==

"@esbuild/linux-x64@0.19.10":
  version "0.19.10"
  resolved "https://registry.npmmirror.com/@esbuild/linux-x64/-/linux-x64-0.19.10.tgz#898c72eeb74d9f2fb43acf316125b475548b75ce"
  integrity sha512-SpYNEqg/6pZYoc+1zLCjVOYvxfZVZj6w0KROZ3Fje/QrM3nfvT2llI+wmKSrWuX6wmZeTapbarvuNNK/qepSgA==

"@esbuild/netbsd-x64@0.19.10":
  version "0.19.10"
  resolved "https://registry.npmmirror.com/@esbuild/netbsd-x64/-/netbsd-x64-0.19.10.tgz#fd473a5ae261b43eab6dad4dbd5a3155906e6c91"
  integrity sha512-ACbZ0vXy9zksNArWlk2c38NdKg25+L9pr/mVaj9SUq6lHZu/35nx2xnQVRGLrC1KKQqJKRIB0q8GspiHI3J80Q==

"@esbuild/openbsd-x64@0.19.10":
  version "0.19.10"
  resolved "https://registry.npmmirror.com/@esbuild/openbsd-x64/-/openbsd-x64-0.19.10.tgz#96eb8992e526717b5272321eaad3e21f3a608e46"
  integrity sha512-PxcgvjdSjtgPMiPQrM3pwSaG4kGphP+bLSb+cihuP0LYdZv1epbAIecHVl5sD3npkfYBZ0ZnOjR878I7MdJDFg==

"@esbuild/sunos-x64@0.19.10":
  version "0.19.10"
  resolved "https://registry.npmmirror.com/@esbuild/sunos-x64/-/sunos-x64-0.19.10.tgz#c16ee1c167f903eaaa6acf7372bee42d5a89c9bc"
  integrity sha512-ZkIOtrRL8SEJjr+VHjmW0znkPs+oJXhlJbNwfI37rvgeMtk3sxOQevXPXjmAPZPigVTncvFqLMd+uV0IBSEzqA==

"@esbuild/win32-arm64@0.19.10":
  version "0.19.10"
  resolved "https://registry.npmmirror.com/@esbuild/win32-arm64/-/win32-arm64-0.19.10.tgz#7e417d1971dbc7e469b4eceb6a5d1d667b5e3dcc"
  integrity sha512-+Sa4oTDbpBfGpl3Hn3XiUe4f8TU2JF7aX8cOfqFYMMjXp6ma6NJDztl5FDG8Ezx0OjwGikIHw+iA54YLDNNVfw==

"@esbuild/win32-ia32@0.19.10":
  version "0.19.10"
  resolved "https://registry.npmmirror.com/@esbuild/win32-ia32/-/win32-ia32-0.19.10.tgz#2b52dfec6cd061ecb36171c13bae554888b439e5"
  integrity sha512-EOGVLK1oWMBXgfttJdPHDTiivYSjX6jDNaATeNOaCOFEVcfMjtbx7WVQwPSE1eIfCp/CaSF2nSrDtzc4I9f8TQ==

"@esbuild/win32-x64@0.19.10":
  version "0.19.10"
  resolved "https://registry.npmmirror.com/@esbuild/win32-x64/-/win32-x64-0.19.10.tgz#bd123a74f243d2f3a1f046447bb9b363ee25d072"
  integrity sha512-whqLG6Sc70AbU73fFYvuYzaE4MNMBIlR1Y/IrUeOXFrWHxBEjjbZaQ3IXIQS8wJdAzue2GwYZCjOrgrU1oUHoA==

"@jridgewell/sourcemap-codec@^1.4.15":
  version "1.4.15"
  resolved "https://registry.npmmirror.com/@jridgewell/sourcemap-codec/-/sourcemap-codec-1.4.15.tgz#d7c6e6755c78567a951e04ab52ef0fd26de59f32"
  integrity sha512-eF2rxCRulEKXHTRiDrDy6erMYWqNw4LPdQ8UQA4huuxaQsVeRPFl2oM8oDGxMFhJUWZf9McpLtJasDDZb/Bpeg==

"@pixi-spine/base@^4.0.3":
  version "4.0.3"
  resolved "https://registry.npmmirror.com/@pixi-spine/base/-/base-4.0.3.tgz#b745496e9ed18231157a330b0bedbbcfae8b240c"
  integrity sha512-0bunaWebaDswLFtYZ6whV+ZvgLQ7oANcvbPmIOoVpS/1pOY3Y/GAnWOFbgp3qt9Q/ntLYqNjGve6xq0IqpsTAA==

"@pixi-spine/loader-base@^4.0.4":
  version "4.0.4"
  resolved "https://registry.npmmirror.com/@pixi-spine/loader-base/-/loader-base-4.0.4.tgz#6d54ef34d79fe67bb12b50b080f91e1edaca6a9f"
  integrity sha512-Grgu+PxiUpgYWpuMRr3h5jrN3ZTnwyXfu3HuYdFb6mbJTTMub4xBPALeui+O+tw0k9RNRAr99pUzu9Rc9XTbAw==

"@pixi-spine/loader-uni@^4.0.3":
  version "4.0.3"
  resolved "https://registry.npmmirror.com/@pixi-spine/loader-uni/-/loader-uni-4.0.3.tgz#7119f3c938a1c091d5921ade208021140372958d"
  integrity sha512-tfhTJrnuog8ObKbbiSG1wV/nIUc3O98WfwS6lCmewaupoMIKF0ujg21MCqXUXJvljQJzU9tbURI+DWu4w9dnnA==

"@pixi-spine/runtime-3.7@^4.0.3":
  version "4.0.3"
  resolved "https://registry.npmmirror.com/@pixi-spine/runtime-3.7/-/runtime-3.7-4.0.3.tgz#0ebb2ab3abf932e11f9b425e1bcb421e21400400"
  integrity sha512-zuopKtSqjRc37wjW5xJ64j9DbiBB7rkPMFeldeWBPCbfZiCcFcwSZwZnrcgC+f4HIGo0NeviAvJGM8Hcf3AyeA==

"@pixi-spine/runtime-3.8@^4.0.3":
  version "4.0.3"
  resolved "https://registry.npmmirror.com/@pixi-spine/runtime-3.8/-/runtime-3.8-4.0.3.tgz#e3839d6887d7ee4f12a9cdf051eac7558642cd0c"
  integrity sha512-lIhb4jOTon+FVYLO9AIgcB6jf9hC+RLEn8PesaDRibDocQ1htVCkEIhCIU3Mc00fuqIby7lMBsINeS/Th0q3bw==

"@pixi-spine/runtime-4.0@^4.0.3":
  version "4.0.3"
  resolved "https://registry.npmmirror.com/@pixi-spine/runtime-4.0/-/runtime-4.0-4.0.3.tgz#04e3168ab051ec0e9f92805a3dda3ba8dd311e26"
  integrity sha512-2Y8qhxRkg/yH/9VylGsRVAd5W+dXVPhHTjFk0RR9wEUzTCkdZ17pE+56s2nESi2X3sYNKkz8FowfaqIvXnVGxw==

"@pixi-spine/runtime-4.1@^4.0.3":
  version "4.0.3"
  resolved "https://registry.npmmirror.com/@pixi-spine/runtime-4.1/-/runtime-4.1-4.0.3.tgz#2d8ebdd4f0d828c41909586dc032da332bd62409"
  integrity sha512-jK433snCQMC4FUPiDgyIcxhiatvRNSxqgs0CgHjjQ0l8GlY6gPpkkdThQ6GsFNme1SUZ4uvnWwawXFIGjW1IpQ==

"@pixi/accessibility@7.3.2":
  version "7.3.2"
  resolved "https://registry.npmmirror.com/@pixi/accessibility/-/accessibility-7.3.2.tgz#e823d96a2d032a5bbaccdf547fcf46746bfb865a"
  integrity sha512-MdkU22HTauRvq9cMeWZIQGaDDa86sr+m12rKNdLV+FaDQgP/AhP+qCVpK7IKeJa9BrWGXaYMw/vueij7HkyDSA==

"@pixi/app@7.3.2":
  version "7.3.2"
  resolved "https://registry.npmmirror.com/@pixi/app/-/app-7.3.2.tgz#7121aaa11ffbf586738e2422db7e12464f6c46e7"
  integrity sha512-3YRFSMvAxDebAz3/JJv+2jzbPkT8cHC0IHmmLRN8krDL1pZV+YjMLgMwN/Oeyv5TSbwNqnrF5su5whNkRaxeZQ==

"@pixi/assets@7.3.2":
  version "7.3.2"
  resolved "https://registry.npmmirror.com/@pixi/assets/-/assets-7.3.2.tgz#9f460f9939b60d12a6af184bf21978f714876421"
  integrity sha512-yteq6ptAxA09EcwU9D9hl7qr5yWIqy+c2PsXkTDkc76vTAwIamLY3KxLq2aR5y1U4L4O6aHFJd26uNhHcuTPmw==
  dependencies:
    "@types/css-font-loading-module" "^0.0.7"

"@pixi/color@7.3.2":
  version "7.3.2"
  resolved "https://registry.npmmirror.com/@pixi/color/-/color-7.3.2.tgz#3a9f03ece87ed03748e1ee71658e1fc627c19981"
  integrity sha512-jur5PvdOtUBEUTjmPudW5qdQq6yYGlVGsi3HyhasJw14bN+GKJwiCKgIsyrsiNL5HBUXmje4ICwQohf6BqKqxA==
  dependencies:
    "@pixi/colord" "^2.9.6"

"@pixi/colord@^2.9.6":
  version "2.9.6"
  resolved "https://registry.npmmirror.com/@pixi/colord/-/colord-2.9.6.tgz#7e4e7851480da6fd3cef4e331f008d60be7e1204"
  integrity sha512-nezytU2pw587fQstUu1AsJZDVEynjskwOL+kibwcdxsMBFqPsFFNA7xl0ii/gXuDi6M0xj3mfRJj8pBSc2jCfA==

"@pixi/compressed-textures@7.3.2":
  version "7.3.2"
  resolved "https://registry.npmmirror.com/@pixi/compressed-textures/-/compressed-textures-7.3.2.tgz#2a0f6c809e5bbdfdf4933c47cd261d89f38a9612"
  integrity sha512-J3ENMHDPQO6CJRei55gqI0WmiZJIK6SgsW5AEkShT0aAe5miEBSomv70pXw/58ru+4/Hx8cXjamsGt4aQB2D0Q==

"@pixi/constants@7.3.2":
  version "7.3.2"
  resolved "https://registry.npmmirror.com/@pixi/constants/-/constants-7.3.2.tgz#185b1fe4e65c936cdd59748111432f0878ee47d9"
  integrity sha512-Q8W3ncsFxmfgC5EtokpG92qJZabd+Dl+pbQAdHwiPY3v+8UNq77u4VN2qtl1Z04864hCcg7AStIYEDrzqTLF6Q==

"@pixi/core@7.3.2":
  version "7.3.2"
  resolved "https://registry.npmmirror.com/@pixi/core/-/core-7.3.2.tgz#9c72234da688b665325fd5f8362537e0877a2443"
  integrity sha512-Pta3ee8MtJ3yKxGXzglBWgwbEOKMB6Eth+FpLTjL0rgxiqTB550YX6jsNEQQAzcGjCBlO3rC/IF57UZ2go/X6w==
  dependencies:
    "@pixi/color" "7.3.2"
    "@pixi/constants" "7.3.2"
    "@pixi/extensions" "7.3.2"
    "@pixi/math" "7.3.2"
    "@pixi/runner" "7.3.2"
    "@pixi/settings" "7.3.2"
    "@pixi/ticker" "7.3.2"
    "@pixi/utils" "7.3.2"
    "@types/offscreencanvas" "^2019.6.4"

"@pixi/display@7.3.2":
  version "7.3.2"
  resolved "https://registry.npmmirror.com/@pixi/display/-/display-7.3.2.tgz#5d4005045ebd47db9974327df2f861e95ad84028"
  integrity sha512-cY5AnZ3TWt5GYGx4e5AQ2/2U9kP+RorBg/O30amJ+8e9bFk9rS8cjh/DDq/hc4lql96BkXAInTl40eHnAML5lQ==

"@pixi/events@7.3.2":
  version "7.3.2"
  resolved "https://registry.npmmirror.com/@pixi/events/-/events-7.3.2.tgz#ff985f7dae291a440298b2d5d91dd63341aa36d7"
  integrity sha512-Moca9epu8jk1wIQCdVYjhz2pD9Ol21m50wvWUKvpgt9yM/AjkCLSDt8HO/PmTpavDrkhx5pVVWeDDA6FyUNaGA==

"@pixi/extensions@7.3.2":
  version "7.3.2"
  resolved "https://registry.npmmirror.com/@pixi/extensions/-/extensions-7.3.2.tgz#8e5589c534d3866ddae023666891a793b308a256"
  integrity sha512-Qw84ADfvmVu4Mwj+zTik/IEEK9lWS5n4trbrpQCcEZ+Mb8oRAXWvKz199mi1s7+LaZXDqeCY1yr2PHQaFf1KBA==

"@pixi/extract@7.3.2":
  version "7.3.2"
  resolved "https://registry.npmmirror.com/@pixi/extract/-/extract-7.3.2.tgz#b9a29e147bc1817d0400a7dfcd4fb7dbf972ce41"
  integrity sha512-KsoflvQZV/XD8A8xbtRnmI4reYekbI4MOi7ilwQe5tMz6O1mO7IzrSukxkSMD02f6SpbAqbi7a1EayTjvY0ECQ==

"@pixi/filter-alpha@7.3.2":
  version "7.3.2"
  resolved "https://registry.npmmirror.com/@pixi/filter-alpha/-/filter-alpha-7.3.2.tgz#7404c5e1a73f148579d32547680a35dcf5a45a67"
  integrity sha512-nZMdn310wH5ZK1slwv3X4qT8eLoAGO7SgYGCy5IsMtpCtNObzE9XA4tAfhXrjihyzPS9KvszgAbnv1Qpfh0/uw==

"@pixi/filter-blur@7.3.2":
  version "7.3.2"
  resolved "https://registry.npmmirror.com/@pixi/filter-blur/-/filter-blur-7.3.2.tgz#290eb8b464ab3885829918cde38f1b5e10532dc8"
  integrity sha512-unu3zhwHMhN+iAe7Td2rK40i2UJ2GOhzWK+6jcU3ZkMOsFCT5kgBoMRTejeQVcvCs6GoYK8imbkE7mXt05Vj6A==

"@pixi/filter-color-matrix@7.3.2":
  version "7.3.2"
  resolved "https://registry.npmmirror.com/@pixi/filter-color-matrix/-/filter-color-matrix-7.3.2.tgz#80e6dfb75caa7118e51a39686d46371f3c5f2010"
  integrity sha512-rbyjes/9SMoV9jjPiK0sLMkmLfN8D17GoTJIfq/KLv1x9646W5fL2QSKkN04UkZ+020ndWvIOxK1S97tvRyCfg==

"@pixi/filter-displacement@7.3.2":
  version "7.3.2"
  resolved "https://registry.npmmirror.com/@pixi/filter-displacement/-/filter-displacement-7.3.2.tgz#648a46b6c3afadc188d4b700834ca722f870338e"
  integrity sha512-ZHl7Sfb8JYd9Z6j96OHCC0NhMKhhXJRE5AbkSDohjEMVCK1BV5rDGAHV8WVt/2MJ/j83CXUpydzyMhdM4lMchg==

"@pixi/filter-fxaa@7.3.2":
  version "7.3.2"
  resolved "https://registry.npmmirror.com/@pixi/filter-fxaa/-/filter-fxaa-7.3.2.tgz#47c6ac6703284a32570adfe2cbf77bba5295c3cf"
  integrity sha512-9brtlxDnQTZk2XiFBKdBK9e+8CX9LdxxcL7LRpjEyiHuAPvTlQgu9B85LrJ4GzWKqJJKaIIZBzhIoiCLUnfeXg==

"@pixi/filter-noise@7.3.2":
  version "7.3.2"
  resolved "https://registry.npmmirror.com/@pixi/filter-noise/-/filter-noise-7.3.2.tgz#e5f1ea435611fa1a6f3c5a30f4ce3c86d90cc267"
  integrity sha512-F8GQQ20n7tCjThX6GCXckiXz2YffOCxicTJ0oat9aVDZh+sVsAxYX0aKSdHh0hhv18F0yuc6tPsSL5DYb63xFg==

"@pixi/graphics@7.3.2":
  version "7.3.2"
  resolved "https://registry.npmmirror.com/@pixi/graphics/-/graphics-7.3.2.tgz#42928e8840c24b4f53882b26c95cbc5ef227bfdb"
  integrity sha512-PhU6j1yub4tH/s+/gqByzgZ3mLv1mfb6iGXbquycg3+WypcxHZn0opFtI/axsazaQ9SEaWxw1m3i40WG5ANH5g==

"@pixi/math@7.3.2":
  version "7.3.2"
  resolved "https://registry.npmmirror.com/@pixi/math/-/math-7.3.2.tgz#bcf2357d8bfa2a7836d645063b1f854c4a24d745"
  integrity sha512-dutoZ0IVJ5ME7UtYNo2szu4D7qsgtJB7e3ylujBVu7BOP2e710BVtFwFSFV768N14h9H5roGnuzVoDiJac2u+w==

"@pixi/mesh-extras@7.3.2":
  version "7.3.2"
  resolved "https://registry.npmmirror.com/@pixi/mesh-extras/-/mesh-extras-7.3.2.tgz#fc00a6acb811a0780ce7b54ade844b32d20c9621"
  integrity sha512-s/tg9TsTZZxLEdCDKWnBChDGkc041HCTP7ykJv4fEROzb9B0lskULYyvv+/YNNKa2Ugb9WnkMknpOdOXCpjyyg==

"@pixi/mesh@7.3.2":
  version "7.3.2"
  resolved "https://registry.npmmirror.com/@pixi/mesh/-/mesh-7.3.2.tgz#e0159b03c1ae60dfba7c8e87f84c4400e4bcc9c7"
  integrity sha512-LFkt7ELYXQLgbgHpjl68j6JD5ejUwma8zoPn2gqSBbY+6pK/phjvV1Wkh76muF46VvNulgXF0+qLIDdCsfrDaA==

"@pixi/mixin-cache-as-bitmap@7.3.2":
  version "7.3.2"
  resolved "https://registry.npmmirror.com/@pixi/mixin-cache-as-bitmap/-/mixin-cache-as-bitmap-7.3.2.tgz#dc6b53f370444b12e58593aebc87231fff88f20e"
  integrity sha512-bZRlyUN5+9kCUjn67V0IFtYIrbmx9Vs4sMOmXyrX3Q4B4gPLE46IzZz3v0IVaTjp32udlQztfJalIaWbuqgb3A==

"@pixi/mixin-get-child-by-name@7.3.2":
  version "7.3.2"
  resolved "https://registry.npmmirror.com/@pixi/mixin-get-child-by-name/-/mixin-get-child-by-name-7.3.2.tgz#59ac446c3c75e096aee8d36bdb72bd4aa1430a4d"
  integrity sha512-mbUi3WxXrkViH7qOgjk4fu2BN36NwNb7u+Fy1J5dS8Bntj57ZVKmEV9PbUy0zYjXE8rVmeAvSu/2kbn5n9UutQ==

"@pixi/mixin-get-global-position@7.3.2":
  version "7.3.2"
  resolved "https://registry.npmmirror.com/@pixi/mixin-get-global-position/-/mixin-get-global-position-7.3.2.tgz#84efe8bf315e7e1f539435281302c938d98725ab"
  integrity sha512-1nhWbBgmw6rK7yQJxzeI9yjKYYEkM5i3pee8qVu4YWo3b1xWVQA7osQG7aGM/4qywDkXaA1ZvciA5hfg6f4Q5Q==

"@pixi/particle-container@7.3.2":
  version "7.3.2"
  resolved "https://registry.npmmirror.com/@pixi/particle-container/-/particle-container-7.3.2.tgz#7e2826ea986a1cf2954830eab99b7f8bee4042d7"
  integrity sha512-JYc4j4z97KmxyLp+1Lg0SNi8hy6RxcBBNQGk+CSLNXeDWxx3hykT5gj/ORX1eXyzHh1ZCG1XzeVS9Yr8QhlFHA==

"@pixi/prepare@7.3.2":
  version "7.3.2"
  resolved "https://registry.npmmirror.com/@pixi/prepare/-/prepare-7.3.2.tgz#d643bbab6df768c52819806a186063ea13bb2c73"
  integrity sha512-aLPAXSYLUhMwxzJtn9m0TSZe+dQlZCt09QNBqYbSi8LZId54QMDyvfBb4zBOJZrD2xAZgYL5RIJuKHwZtFX6lQ==

"@pixi/runner@7.3.2":
  version "7.3.2"
  resolved "https://registry.npmmirror.com/@pixi/runner/-/runner-7.3.2.tgz#5cd89cba0a604272e7320d292fedca36a681c486"
  integrity sha512-maKotoKJCQiQGBJwfM+iYdQKjrPN/Tn9+72F4WIf706zp/5vKoxW688Rsktg5BX4Mcn7ZkZvcJYTxj2Mv87lFA==

"@pixi/settings@7.3.2":
  version "7.3.2"
  resolved "https://registry.npmmirror.com/@pixi/settings/-/settings-7.3.2.tgz#6c14babf416d6c9ddb72f07b0c517ae0353a38b6"
  integrity sha512-vtxzuARDTbFe0fRYSqB53B+mPpX7v+QjjnCUmVMVvZiWr3QcngMWVml6c6dQDln7IakWoKZRrNG4FpggvDgLVg==
  dependencies:
    "@pixi/constants" "7.3.2"
    "@types/css-font-loading-module" "^0.0.7"
    ismobilejs "^1.1.0"

"@pixi/sprite-animated@7.3.2":
  version "7.3.2"
  resolved "https://registry.npmmirror.com/@pixi/sprite-animated/-/sprite-animated-7.3.2.tgz#a35891380b4c0e4029170fe5cbcbbb9edbba07c5"
  integrity sha512-j9pyUe4cefxE9wecNfbWQyL5fBQKvCGYaOA0DE1X46ukBHrIuhA8u3jg2X3N3r4IcbVvxpWFYDrDsWXWeiBmSw==

"@pixi/sprite-tiling@7.3.2":
  version "7.3.2"
  resolved "https://registry.npmmirror.com/@pixi/sprite-tiling/-/sprite-tiling-7.3.2.tgz#d1c75c7a4ffd7e92a68f95cd4bbb5be0b9eb6c66"
  integrity sha512-tWVVb/rMIx5AczfUrVxa0dZaIufP5C0IOL7IGfFUDQqDu5JSAUC0mwLe4F12jAXBVsqYhCGYx5bIHbPiI5vcSQ==

"@pixi/sprite@7.3.2":
  version "7.3.2"
  resolved "https://registry.npmmirror.com/@pixi/sprite/-/sprite-7.3.2.tgz#421bea2ccfc51230886e3533d99eeb00e5bf6bf8"
  integrity sha512-IpWTKXExJNXVcY7ITopJ+JW48DahdbCo/81D2IYzBImq3jyiJM2Km5EoJgvAM5ZQ3Ev3KPPIBzYLD+HoPWcxdw==

"@pixi/spritesheet@7.3.2":
  version "7.3.2"
  resolved "https://registry.npmmirror.com/@pixi/spritesheet/-/spritesheet-7.3.2.tgz#9fd551cef05c2302d1999c895510eeba038350e7"
  integrity sha512-UkwqrPYDqrEdK5ub9qn/9VBvt5caA8ffV5iYR6ssCvrpaQovBKmS+b5pr/BYf8xNTExDpR3OmPIo8iDEYWWLuw==

"@pixi/text-bitmap@7.3.2":
  version "7.3.2"
  resolved "https://registry.npmmirror.com/@pixi/text-bitmap/-/text-bitmap-7.3.2.tgz#68a7c21ce4174d34e46d4a957d4083f687fed3be"
  integrity sha512-p8KLgtZSPowWU/Zj+GVtfsUT8uGYo4TtKKYbLoWuxkRA5Pc1+4C9/rV/EOSFfoZIdW5C+iFg5VxRgBllUQf+aA==

"@pixi/text-html@7.3.2":
  version "7.3.2"
  resolved "https://registry.npmmirror.com/@pixi/text-html/-/text-html-7.3.2.tgz#443f669a3444386a62e28dd8f3da66e45593df05"
  integrity sha512-IYhBWEPOvqUtlHkS5/c1Hseuricj5jrrGd21ivcvHmcnK/x2m+CRGvvzeBp1mqoYBnDbQVrD2wSXSe4Dv9tEJA==

"@pixi/text@7.3.2":
  version "7.3.2"
  resolved "https://registry.npmmirror.com/@pixi/text/-/text-7.3.2.tgz#c38dcecd3b6aceec53b1d4207327812d88b1cf26"
  integrity sha512-LdtNj+K5tPB/0UcDcO52M/C7xhwFTGFhtdF42fPhRuJawM23M3zm1Y8PapXv+mury+IxCHT1w30YlAi0qTVpKQ==

"@pixi/ticker@7.3.2":
  version "7.3.2"
  resolved "https://registry.npmmirror.com/@pixi/ticker/-/ticker-7.3.2.tgz#898278eb07da4dc4c38cc710c1fff0c7ad5c6099"
  integrity sha512-5kIPhBeXwDJohCzKzJJ6T7f1oAGbHAgeiwOjlTO+9lNXUX8ZPj0407V3syuF+64kFqJzIBCznBRpI+fmT4c9SA==
  dependencies:
    "@pixi/extensions" "7.3.2"
    "@pixi/settings" "7.3.2"
    "@pixi/utils" "7.3.2"

"@pixi/utils@7.3.2":
  version "7.3.2"
  resolved "https://registry.npmmirror.com/@pixi/utils/-/utils-7.3.2.tgz#556499eae6439259551ab9b86efb039522b61611"
  integrity sha512-KhNvj9YcY7Zi2dTKZgDpx8C6OxKKR541vwtG6JgdBZZYDeMBOIghN2Vi5zn4diW5BhDfHBmdSJ1wZXEtE2MDwg==
  dependencies:
    "@pixi/color" "7.3.2"
    "@pixi/constants" "7.3.2"
    "@pixi/settings" "7.3.2"
    "@types/earcut" "^2.1.0"
    earcut "^2.2.4"
    eventemitter3 "^4.0.0"
    url "^0.11.0"

"@rollup/rollup-android-arm-eabi@4.9.1":
  version "4.9.1"
  resolved "https://registry.npmmirror.com/@rollup/rollup-android-arm-eabi/-/rollup-android-arm-eabi-4.9.1.tgz#beaf518ee45a196448e294ad3f823d2d4576cf35"
  integrity sha512-6vMdBZqtq1dVQ4CWdhFwhKZL6E4L1dV6jUjuBvsavvNJSppzi6dLBbuV+3+IyUREaj9ZFvQefnQm28v4OCXlig==

"@rollup/rollup-android-arm64@4.9.1":
  version "4.9.1"
  resolved "https://registry.npmmirror.com/@rollup/rollup-android-arm64/-/rollup-android-arm64-4.9.1.tgz#6f76cfa759c2d0fdb92122ffe28217181a1664eb"
  integrity sha512-Jto9Fl3YQ9OLsTDWtLFPtaIMSL2kwGyGoVCmPC8Gxvym9TCZm4Sie+cVeblPO66YZsYH8MhBKDMGZ2NDxuk/XQ==

"@rollup/rollup-darwin-arm64@4.9.1":
  version "4.9.1"
  resolved "https://registry.npmmirror.com/@rollup/rollup-darwin-arm64/-/rollup-darwin-arm64-4.9.1.tgz#9aaefe33a5481d66322d1c62f368171c03eabe2b"
  integrity sha512-LtYcLNM+bhsaKAIGwVkh5IOWhaZhjTfNOkGzGqdHvhiCUVuJDalvDxEdSnhFzAn+g23wgsycmZk1vbnaibZwwA==

"@rollup/rollup-darwin-x64@4.9.1":
  version "4.9.1"
  resolved "https://registry.npmmirror.com/@rollup/rollup-darwin-x64/-/rollup-darwin-x64-4.9.1.tgz#707dcaadcdc6bd3fd6c69f55d9456cd4446306a3"
  integrity sha512-KyP/byeXu9V+etKO6Lw3E4tW4QdcnzDG/ake031mg42lob5tN+5qfr+lkcT/SGZaH2PdW4Z1NX9GHEkZ8xV7og==

"@rollup/rollup-linux-arm-gnueabihf@4.9.1":
  version "4.9.1"
  resolved "https://registry.npmmirror.com/@rollup/rollup-linux-arm-gnueabihf/-/rollup-linux-arm-gnueabihf-4.9.1.tgz#7a4dbbd1dd98731d88a55aefcef0ec4c578fa9c7"
  integrity sha512-Yqz/Doumf3QTKplwGNrCHe/B2p9xqDghBZSlAY0/hU6ikuDVQuOUIpDP/YcmoT+447tsZTmirmjgG3znvSCR0Q==

"@rollup/rollup-linux-arm64-gnu@4.9.1":
  version "4.9.1"
  resolved "https://registry.npmmirror.com/@rollup/rollup-linux-arm64-gnu/-/rollup-linux-arm64-gnu-4.9.1.tgz#967ba8e6f68a5f21bd00cd97773dcdd6107e94ed"
  integrity sha512-u3XkZVvxcvlAOlQJ3UsD1rFvLWqu4Ef/Ggl40WAVCuogf4S1nJPHh5RTgqYFpCOvuGJ7H5yGHabjFKEZGExk5Q==

"@rollup/rollup-linux-arm64-musl@4.9.1":
  version "4.9.1"
  resolved "https://registry.npmmirror.com/@rollup/rollup-linux-arm64-musl/-/rollup-linux-arm64-musl-4.9.1.tgz#d3a4e1c9f21eef3b9f4e4989f334a519a1341462"
  integrity sha512-0XSYN/rfWShW+i+qjZ0phc6vZ7UWI8XWNz4E/l+6edFt+FxoEghrJHjX1EY/kcUGCnZzYYRCl31SNdfOi450Aw==

"@rollup/rollup-linux-riscv64-gnu@4.9.1":
  version "4.9.1"
  resolved "https://registry.npmmirror.com/@rollup/rollup-linux-riscv64-gnu/-/rollup-linux-riscv64-gnu-4.9.1.tgz#415c0533bb752164effd05f5613858e8f6779bc9"
  integrity sha512-LmYIO65oZVfFt9t6cpYkbC4d5lKHLYv5B4CSHRpnANq0VZUQXGcCPXHzbCXCz4RQnx7jvlYB1ISVNCE/omz5cw==

"@rollup/rollup-linux-x64-gnu@4.9.1":
  version "4.9.1"
  resolved "https://registry.npmmirror.com/@rollup/rollup-linux-x64-gnu/-/rollup-linux-x64-gnu-4.9.1.tgz#0983385dd753a2e0ecaddea7a81dd37fea5114f5"
  integrity sha512-kr8rEPQ6ns/Lmr/hiw8sEVj9aa07gh1/tQF2Y5HrNCCEPiCBGnBUt9tVusrcBBiJfIt1yNaXN6r1CCmpbFEDpg==

"@rollup/rollup-linux-x64-musl@4.9.1":
  version "4.9.1"
  resolved "https://registry.npmmirror.com/@rollup/rollup-linux-x64-musl/-/rollup-linux-x64-musl-4.9.1.tgz#eb7494ebc5199cbd2e5c38c2b8acbe2603f35e03"
  integrity sha512-t4QSR7gN+OEZLG0MiCgPqMWZGwmeHhsM4AkegJ0Kiy6TnJ9vZ8dEIwHw1LcZKhbHxTY32hp9eVCMdR3/I8MGRw==

"@rollup/rollup-win32-arm64-msvc@4.9.1":
  version "4.9.1"
  resolved "https://registry.npmmirror.com/@rollup/rollup-win32-arm64-msvc/-/rollup-win32-arm64-msvc-4.9.1.tgz#5bebc66e3a7f82d4b9aa9ff448e7fc13a69656e9"
  integrity sha512-7XI4ZCBN34cb+BH557FJPmh0kmNz2c25SCQeT9OiFWEgf8+dL6ZwJ8f9RnUIit+j01u07Yvrsuu1rZGxJCc51g==

"@rollup/rollup-win32-ia32-msvc@4.9.1":
  version "4.9.1"
  resolved "https://registry.npmmirror.com/@rollup/rollup-win32-ia32-msvc/-/rollup-win32-ia32-msvc-4.9.1.tgz#34156ebf8b4de3b20e6497260fe519a30263f8cf"
  integrity sha512-yE5c2j1lSWOH5jp+Q0qNL3Mdhr8WuqCNVjc6BxbVfS5cAS6zRmdiw7ktb8GNpDCEUJphILY6KACoFoRtKoqNQg==

"@rollup/rollup-win32-x64-msvc@4.9.1":
  version "4.9.1"
  resolved "https://registry.npmmirror.com/@rollup/rollup-win32-x64-msvc/-/rollup-win32-x64-msvc-4.9.1.tgz#d146db7a5949e10837b323ce933ed882ac878262"
  integrity sha512-PyJsSsafjmIhVgaI1Zdj7m8BB8mMckFah/xbpplObyHfiXzKcI5UOUXRyOdHW7nz4DpMCuzLnF7v5IWHenCwYA==

"@tauri-apps/api@^1.5.2":
  version "1.5.3"
  resolved "https://registry.npmmirror.com/@tauri-apps/api/-/api-1.5.3.tgz#f7b362b1f30aadb0a8bbeb7ae111755c0ed33d73"
  integrity sha512-zxnDjHHKjOsrIzZm6nO5Xapb/BxqUq1tc7cGkFXsFkGTsSWgCPH1D8mm0XS9weJY2OaR73I3k3S+b7eSzJDfqA==

"@tauri-apps/cli-darwin-arm64@1.5.9":
  version "1.5.9"
  resolved "https://registry.npmmirror.com/@tauri-apps/cli-darwin-arm64/-/cli-darwin-arm64-1.5.9.tgz#38c6cc3a82cb5e13d311a0b55507c9e9c830685c"
  integrity sha512-7C2Jf8f0gzv778mLYb7Eszqqv1bm9Wzews81MRTqKrUIcC+eZEtDXLex+JaEkEzFEUrgIafdOvMBVEavF030IA==

"@tauri-apps/cli-darwin-x64@1.5.9":
  version "1.5.9"
  resolved "https://registry.npmmirror.com/@tauri-apps/cli-darwin-x64/-/cli-darwin-x64-1.5.9.tgz#b0bb7958945e74b33e41cc840d6289558d8bc9b1"
  integrity sha512-LHKytpkofPYgH8RShWvwDa3hD1ws131x7g7zNasJPfOiCWLqYVQFUuQVmjEUt8+dpHe/P/err5h4z+YZru2d0A==

"@tauri-apps/cli-linux-arm-gnueabihf@1.5.9":
  version "1.5.9"
  resolved "https://registry.npmmirror.com/@tauri-apps/cli-linux-arm-gnueabihf/-/cli-linux-arm-gnueabihf-1.5.9.tgz#610023c827cc71b4d6715cb966112db34bcfde5c"
  integrity sha512-teGK20IYKx+dVn8wFq/Lg57Q9ce7foq1KHSfyHi464LVt1T0V1rsmULSgZpQPPj/NYPF5BG78PcWYv64yH86jw==

"@tauri-apps/cli-linux-arm64-gnu@1.5.9":
  version "1.5.9"
  resolved "https://registry.npmmirror.com/@tauri-apps/cli-linux-arm64-gnu/-/cli-linux-arm64-gnu-1.5.9.tgz#d2b088d16ee321b7021f62cd873c976690c3da46"
  integrity sha512-onJ/DW5Crw38qVx+wquY4uBbfCxVhzhdJmlCYqnYyXsZZmSiPUfSyhV58y+5TYB0q1hG8eYdB5x8VAwzByhGzw==

"@tauri-apps/cli-linux-arm64-musl@1.5.9":
  version "1.5.9"
  resolved "https://registry.npmmirror.com/@tauri-apps/cli-linux-arm64-musl/-/cli-linux-arm64-musl-1.5.9.tgz#433f35e7daa59cc8fb8e0212c370f49c9fbfd598"
  integrity sha512-23AYoLD3acakLp9NtheKQDJl8F66eTOflxoPzdJNRy13hUSxb+W9qpz4rRA+CIzkjICFvO2i3UWjeV9QwDVpsQ==

"@tauri-apps/cli-linux-x64-gnu@1.5.9":
  version "1.5.9"
  resolved "https://registry.npmmirror.com/@tauri-apps/cli-linux-x64-gnu/-/cli-linux-x64-gnu-1.5.9.tgz#3d733f9d9706273bdb1f247bbfcca21f2acedcc8"
  integrity sha512-9PQA1rE7gh41W2ylyKd5qOGOds55ymaYPml9KOpM0g+cxmCXa+8Wf9K5NKvACnJldJJ6cekWzIyB4eN6o5T+yQ==

"@tauri-apps/cli-linux-x64-musl@1.5.9":
  version "1.5.9"
  resolved "https://registry.npmmirror.com/@tauri-apps/cli-linux-x64-musl/-/cli-linux-x64-musl-1.5.9.tgz#eeb0b55fa7257d7566b873734d2c230dca0f1c6c"
  integrity sha512-5hdbNFeDsrJ/pXZ4cSQV4bJwUXPPxXxN3/pAtNUqIph7q+vLcBXOXIMoS64iuyaluJC59lhEwlWZFz+EPv0Hqg==

"@tauri-apps/cli-win32-arm64-msvc@1.5.9":
  version "1.5.9"
  resolved "https://registry.npmmirror.com/@tauri-apps/cli-win32-arm64-msvc/-/cli-win32-arm64-msvc-1.5.9.tgz#f772456d3ef97050e467e88e9d95b6b68b4206e7"
  integrity sha512-O18JufjSB3hSJYu5WWByONouGeX7DraLAtXLErsG1r/VS3zHd/zyuzycrVUaObNXk5bfGlIP0Ypt+RvZJILN2w==

"@tauri-apps/cli-win32-ia32-msvc@1.5.9":
  version "1.5.9"
  resolved "https://registry.npmmirror.com/@tauri-apps/cli-win32-ia32-msvc/-/cli-win32-ia32-msvc-1.5.9.tgz#2aa3b267e23d0dd2ece4e183bbd2a85c3e7e4c60"
  integrity sha512-FQxtxTZu0JVBihfd/lmpxo7jyMOesjWQehfyVUqtgMfm5+Pvvw0Y+ZioeDi1TZkFVrT3QDYy8R4LqDLSZVMQRA==

"@tauri-apps/cli-win32-x64-msvc@1.5.9":
  version "1.5.9"
  resolved "https://registry.npmmirror.com/@tauri-apps/cli-win32-x64-msvc/-/cli-win32-x64-msvc-1.5.9.tgz#3b970c949326f5874cc88a016372cb87485c15a1"
  integrity sha512-EeI1+L518cIBLKw0qUFwnLIySBeSmPQjPLIlNwSukHSro4tAQPHycEVGgKrdToiCWgaZJBA0e5aRSds0Du2TWg==

"@tauri-apps/cli@^1.5.8":
  version "1.5.9"
  resolved "https://registry.npmmirror.com/@tauri-apps/cli/-/cli-1.5.9.tgz#43391e4b6997483d485d84d97e0d72f648eae581"
  integrity sha512-knSt/9AvCTeyfC6wkyeouF9hBW/0Mzuw+5vBKEvzaGPQsfFJo1ZCp5FkdiZpGBBfnm09BhugasGRTGofzatfqQ==
  optionalDependencies:
    "@tauri-apps/cli-darwin-arm64" "1.5.9"
    "@tauri-apps/cli-darwin-x64" "1.5.9"
    "@tauri-apps/cli-linux-arm-gnueabihf" "1.5.9"
    "@tauri-apps/cli-linux-arm64-gnu" "1.5.9"
    "@tauri-apps/cli-linux-arm64-musl" "1.5.9"
    "@tauri-apps/cli-linux-x64-gnu" "1.5.9"
    "@tauri-apps/cli-linux-x64-musl" "1.5.9"
    "@tauri-apps/cli-win32-arm64-msvc" "1.5.9"
    "@tauri-apps/cli-win32-ia32-msvc" "1.5.9"
    "@tauri-apps/cli-win32-x64-msvc" "1.5.9"

"@types/css-font-loading-module@^0.0.7":
  version "0.0.7"
  resolved "https://registry.npmmirror.com/@types/css-font-loading-module/-/css-font-loading-module-0.0.7.tgz#2f98ede46acc0975de85c0b7b0ebe06041d24601"
  integrity sha512-nl09VhutdjINdWyXxHWN/w9zlNCfr60JUqJbd24YXUuCwgeL0TpFSdElCwb6cxfB6ybE19Gjj4g0jsgkXxKv1Q==

"@types/earcut@^2.1.0":
  version "2.1.4"
  resolved "https://registry.npmmirror.com/@types/earcut/-/earcut-2.1.4.tgz#5811d7d333048f5a7573b22ddc84923e69596da6"
  integrity sha512-qp3m9PPz4gULB9MhjGID7wpo3gJ4bTGXm7ltNDsmOvsPduTeHp8wSW9YckBj3mljeOh4F0m2z/0JKAALRKbmLQ==

"@types/offscreencanvas@^2019.6.4":
  version "2019.7.3"
  resolved "https://registry.npmmirror.com/@types/offscreencanvas/-/offscreencanvas-2019.7.3.tgz#90267db13f64d6e9ccb5ae3eac92786a7c77a516"
  integrity sha512-ieXiYmgSRXUDeOntE1InxjWyvEelZGP63M+cGuquuRLuIKKT1osnkXjxev9B7d1nXSug5vpunx+gNlbVxMlC9A==

"@vitejs/plugin-vue@^4.2.3":
  version "4.6.0"
  resolved "https://registry.npmmirror.com/@vitejs/plugin-vue/-/plugin-vue-4.6.0.tgz#6e1011303f8224e04d339756f1fa398ba79fc0b3"
  integrity sha512-XHuyFdAikWRmHuAd89FOyUGIjrBU5KlxJtyi2hVeR9ySGFxQwE0bl5xAQju/ArMq5azdBivY4d+D2yPKwoYWUg==

"@vue/compiler-core@3.4.0":
  version "3.4.0"
  resolved "https://registry.npmmirror.com/@vue/compiler-core/-/compiler-core-3.4.0.tgz#2a35bc4b70afb5504ff62f916e22f9080d8149b6"
  integrity sha512-cw4S15PkNGTKkP9OFFl4wnQoJJk+HqaYBafgrpDnSukiQGpcYJeRpzmqnCVCIkl6V6Eqsv58E0OAdl6b592vuA==
  dependencies:
    "@babel/parser" "^7.23.6"
    "@vue/shared" "3.4.0"
    entities "^4.5.0"
    estree-walker "^2.0.2"
    source-map-js "^1.0.2"

"@vue/compiler-dom@3.4.0":
  version "3.4.0"
  resolved "https://registry.npmmirror.com/@vue/compiler-dom/-/compiler-dom-3.4.0.tgz#25d4c1e24a2e37c4136cdc593cd533d371bc573b"
  integrity sha512-E957uOhpoE48YjZGWeAoLmNYd3UeU4oIP8kJi8Rcsb9l2tV8Z48Jn07Zgq1aW0v3vuhlmydEKkKKbhLpADHXEA==
  dependencies:
    "@vue/compiler-core" "3.4.0"
    "@vue/shared" "3.4.0"

"@vue/compiler-sfc@3.4.0":
  version "3.4.0"
  resolved "https://registry.npmmirror.com/@vue/compiler-sfc/-/compiler-sfc-3.4.0.tgz#dab7b87a9a09e3860a4b5c9baf6b7d3ab8af0c0f"
  integrity sha512-PWE0mE2yW7bJS7PmaCrVDEG6KPaDJo0pb4AKnCxJ5lRRDO4IwL/fswBGhCpov+v/c+N/e+hQHpXNwvqU9BtUXg==
  dependencies:
    "@babel/parser" "^7.23.6"
    "@vue/compiler-core" "3.4.0"
    "@vue/compiler-dom" "3.4.0"
    "@vue/compiler-ssr" "3.4.0"
    "@vue/shared" "3.4.0"
    estree-walker "^2.0.2"
    magic-string "^0.30.5"
    postcss "^8.4.32"
    source-map-js "^1.0.2"

"@vue/compiler-ssr@3.4.0":
  version "3.4.0"
  resolved "https://registry.npmmirror.com/@vue/compiler-ssr/-/compiler-ssr-3.4.0.tgz#0e437c6e619ce4ec515d2d77a0a9e67e877cc2cd"
  integrity sha512-+oXKy105g9DIYQKDi3Gwung0xqQX5gJHr0GR+Vf7yK/WkNDM6q61ummcKmKAB85EIst8y3vj2PA9z9YU5Oc4DQ==
  dependencies:
    "@vue/compiler-dom" "3.4.0"
    "@vue/shared" "3.4.0"

"@vue/reactivity@3.4.0":
  version "3.4.0"
  resolved "https://registry.npmmirror.com/@vue/reactivity/-/reactivity-3.4.0.tgz#84e1d4196bed3fb471e3593d187680a35cfee23a"
  integrity sha512-X6BvQjNcgKKHWPQzlRJjZvIu72Kkn8xJSv6VNptqWh8dToMknD0Hch1l4N7llKgVt6Diq4lMeUnErbZFvuGlAA==
  dependencies:
    "@vue/shared" "3.4.0"

"@vue/runtime-core@3.4.0":
  version "3.4.0"
  resolved "https://registry.npmmirror.com/@vue/runtime-core/-/runtime-core-3.4.0.tgz#6c49cac6142d941954c68c2888160c8fbcdbfc11"
  integrity sha512-NYrj/JgMMqnSWcIud8lLzDQrBLu+EVEeQ56QE9DYJeKG2eFrnQy8o/h57R9nCprafHs0uImKL3xsdXjHseYVxw==
  dependencies:
    "@vue/reactivity" "3.4.0"
    "@vue/shared" "3.4.0"

"@vue/runtime-dom@3.4.0":
  version "3.4.0"
  resolved "https://registry.npmmirror.com/@vue/runtime-dom/-/runtime-dom-3.4.0.tgz#9397aa9e74c6f44a03c4f4755d931a10dbf6ec44"
  integrity sha512-1ZoHEsA5l77qbx2F+SWo/hQdBksPuOmww1t/jznidDG+xMB/iidafEFvo2ZTtZii0JfTIrlDhjshfYUvQC17wQ==
  dependencies:
    "@vue/runtime-core" "3.4.0"
    "@vue/shared" "3.4.0"
    csstype "^3.1.3"

"@vue/server-renderer@3.4.0":
  version "3.4.0"
  resolved "https://registry.npmmirror.com/@vue/server-renderer/-/server-renderer-3.4.0.tgz#7b0c5e71463140c64d05c314f46a07c9dcc62625"
  integrity sha512-GuOVCyLDlWPu8nKo5AUxb8B+iB/Ik4I1WwqAlBqf5+y48z6D6rvKshp7KR3cJea+pte1tdTsb0+Ja82KizMZOw==
  dependencies:
    "@vue/compiler-ssr" "3.4.0"
    "@vue/shared" "3.4.0"

"@vue/shared@3.4.0":
  version "3.4.0"
  resolved "https://registry.npmmirror.com/@vue/shared/-/shared-3.4.0.tgz#b6e804a4742929f94f0159aafd0a2940621cd8de"
  integrity sha512-Nhh3ed3G1R6HDAWiG6YYFt0Zmq/To6u5vjzwa9TIquGheCXPY6nEdIAO8ZdlwXsWqC2yNLj700FOvShpYt5CEA==

call-bind@^1.0.0:
  version "1.0.5"
  resolved "https://registry.npmmirror.com/call-bind/-/call-bind-1.0.5.tgz#6fa2b7845ce0ea49bf4d8b9ef64727a2c2e2e513"
  integrity sha512-C3nQxfFZxFRVoJoGKKI8y3MOEo129NQ+FgQ08iye+Mk4zNZZGdjfs06bVTr+DBSlA66Q2VEcMki/cUCP4SercQ==
  dependencies:
    function-bind "^1.1.2"
    get-intrinsic "^1.2.1"
    set-function-length "^1.1.1"

csstype@^3.1.3:
  version "3.1.3"
  resolved "https://registry.npmmirror.com/csstype/-/csstype-3.1.3.tgz#d80ff294d114fb0e6ac500fbf85b60137d7eff81"
  integrity sha512-M1uQkMl8rQK/szD0LNhtqxIPLpimGm8sOBwU7lLnCpSbTyY3yeU1Vc7l4KT5zT4s/yOxHH5O7tIuuLOCnLADRw==

define-data-property@^1.1.1:
  version "1.1.1"
  resolved "https://registry.npmmirror.com/define-data-property/-/define-data-property-1.1.1.tgz#c35f7cd0ab09883480d12ac5cb213715587800b3"
  integrity sha512-E7uGkTzkk1d0ByLeSc6ZsFS79Axg+m1P/VsgYsxHgiuc3tFSj+MjMIwe90FC4lOAZzNBdY7kkO2P2wKdsQ1vgQ==
  dependencies:
    get-intrinsic "^1.2.1"
    gopd "^1.0.1"
    has-property-descriptors "^1.0.0"

earcut@^2.2.4:
  version "2.2.4"
  resolved "https://registry.npmmirror.com/earcut/-/earcut-2.2.4.tgz#6d02fd4d68160c114825d06890a92ecaae60343a"
  integrity sha512-/pjZsA1b4RPHbeWZQn66SWS8nZZWLQQ23oE3Eam7aroEFGEvwKAsJfZ9ytiEMycfzXWpca4FA9QIOehf7PocBQ==

entities@^4.5.0:
  version "4.5.0"
  resolved "https://registry.npmmirror.com/entities/-/entities-4.5.0.tgz#5d268ea5e7113ec74c4d033b79ea5a35a488fb48"
  integrity sha512-V0hjH4dGPh9Ao5p0MoRY6BVqtwCjhz6vI5LT8AJ55H+4g9/4vbHx1I54fS0XuclLhDHArPQCiMjDxjaL8fPxhw==

esbuild@^0.19.3:
  version "0.19.10"
  resolved "https://registry.npmmirror.com/esbuild/-/esbuild-0.19.10.tgz#55e83e4a6b702e3498b9f872d84bfb4ebcb6d16e"
  integrity sha512-S1Y27QGt/snkNYrRcswgRFqZjaTG5a5xM3EQo97uNBnH505pdzSNe/HLBq1v0RO7iK/ngdbhJB6mDAp0OK+iUA==
  optionalDependencies:
    "@esbuild/aix-ppc64" "0.19.10"
    "@esbuild/android-arm" "0.19.10"
    "@esbuild/android-arm64" "0.19.10"
    "@esbuild/android-x64" "0.19.10"
    "@esbuild/darwin-arm64" "0.19.10"
    "@esbuild/darwin-x64" "0.19.10"
    "@esbuild/freebsd-arm64" "0.19.10"
    "@esbuild/freebsd-x64" "0.19.10"
    "@esbuild/linux-arm" "0.19.10"
    "@esbuild/linux-arm64" "0.19.10"
    "@esbuild/linux-ia32" "0.19.10"
    "@esbuild/linux-loong64" "0.19.10"
    "@esbuild/linux-mips64el" "0.19.10"
    "@esbuild/linux-ppc64" "0.19.10"
    "@esbuild/linux-riscv64" "0.19.10"
    "@esbuild/linux-s390x" "0.19.10"
    "@esbuild/linux-x64" "0.19.10"
    "@esbuild/netbsd-x64" "0.19.10"
    "@esbuild/openbsd-x64" "0.19.10"
    "@esbuild/sunos-x64" "0.19.10"
    "@esbuild/win32-arm64" "0.19.10"
    "@esbuild/win32-ia32" "0.19.10"
    "@esbuild/win32-x64" "0.19.10"

estree-walker@^2.0.2:
  version "2.0.2"
  resolved "https://registry.npmmirror.com/estree-walker/-/estree-walker-2.0.2.tgz#52f010178c2a4c117a7757cfe942adb7d2da4cac"
  integrity sha512-Rfkk/Mp/DL7JVje3u18FxFujQlTNR2q6QfMSMB7AvCBx91NGj/ba3kCfza0f6dVDbw7YlRf/nDrn7pQrCCyQ/w==

eventemitter3@^4.0.0:
  version "4.0.7"
  resolved "https://registry.npmmirror.com/eventemitter3/-/eventemitter3-4.0.7.tgz#2de9b68f6528d5644ef5c59526a1b4a07306169f"
  integrity sha512-8guHBZCwKnFhYdHr2ysuRWErTwhoN2X8XELRlrRwpmfeY2jjuUN4taQMsULKUVo1K4DvZl+0pgfyoysHxvmvEw==

fsevents@~2.3.2, fsevents@~2.3.3:
  version "2.3.3"
  resolved "https://registry.npmmirror.com/fsevents/-/fsevents-2.3.3.tgz#cac6407785d03675a2a5e1a5305c697b347d90d6"
  integrity sha512-5xoDfX+fL7faATnagmWPpbFtwh/R77WmMMqqHGS65C3vvB0YHrgF+B1YmZ3441tMj5n63k0212XNoJwzlhffQw==

function-bind@^1.1.2:
  version "1.1.2"
  resolved "https://registry.npmmirror.com/function-bind/-/function-bind-1.1.2.tgz#2c02d864d97f3ea6c8830c464cbd11ab6eab7a1c"
  integrity sha512-7XHNxH7qX9xG5mIwxkhumTox/MIRNcOgDrxWsMt2pAr23WHp6MrRlN7FBSFpCpr+oVO0F744iUgR82nJMfG2SA==

get-intrinsic@^1.0.2, get-intrinsic@^1.1.3, get-intrinsic@^1.2.1, get-intrinsic@^1.2.2:
  version "1.2.2"
  resolved "https://registry.npmmirror.com/get-intrinsic/-/get-intrinsic-1.2.2.tgz#281b7622971123e1ef4b3c90fd7539306da93f3b"
  integrity sha512-0gSo4ml/0j98Y3lngkFEot/zhiCeWsbYIlZ+uZOVgzLyLaUw7wxUL+nCTP0XJvJg1AXulJRI3UJi8GsbDuxdGA==
  dependencies:
    function-bind "^1.1.2"
    has-proto "^1.0.1"
    has-symbols "^1.0.3"
    hasown "^2.0.0"

gopd@^1.0.1:
  version "1.0.1"
  resolved "https://registry.npmmirror.com/gopd/-/gopd-1.0.1.tgz#29ff76de69dac7489b7c0918a5788e56477c332c"
  integrity sha512-d65bNlIadxvpb/A2abVdlqKqV563juRnZ1Wtk6s1sIR8uNsXR70xqIzVqxVf1eTqDunwT2MkczEeaezCKTZhwA==
  dependencies:
    get-intrinsic "^1.1.3"

has-property-descriptors@^1.0.0:
  version "1.0.1"
  resolved "https://registry.npmmirror.com/has-property-descriptors/-/has-property-descriptors-1.0.1.tgz#52ba30b6c5ec87fd89fa574bc1c39125c6f65340"
  integrity sha512-VsX8eaIewvas0xnvinAe9bw4WfIeODpGYikiWYLH+dma0Jw6KHYqWiWfhQlgOVK8D6PvjubK5Uc4P0iIhIcNVg==
  dependencies:
    get-intrinsic "^1.2.2"

has-proto@^1.0.1:
  version "1.0.1"
  resolved "https://registry.npmmirror.com/has-proto/-/has-proto-1.0.1.tgz#1885c1305538958aff469fef37937c22795408e0"
  integrity sha512-7qE+iP+O+bgF9clE5+UoBFzE65mlBiVj3tKCrlNQ0Ogwm0BjpT/gK4SlLYDMybDh5I3TCTKnPPa0oMG7JDYrhg==

has-symbols@^1.0.3:
  version "1.0.3"
  resolved "https://registry.npmmirror.com/has-symbols/-/has-symbols-1.0.3.tgz#bb7b2c4349251dce87b125f7bdf874aa7c8b39f8"
  integrity sha512-l3LCuF6MgDNwTDKkdYGEihYjt5pRPbEg46rtlmnSPlUbgmB8LOIrKJbYYFBSbnPaJexMKtiPO8hmeRjRz2Td+A==

hasown@^2.0.0:
  version "2.0.0"
  resolved "https://registry.npmmirror.com/hasown/-/hasown-2.0.0.tgz#f4c513d454a57b7c7e1650778de226b11700546c"
  integrity sha512-vUptKVTpIJhcczKBbgnS+RtcuYMB8+oNzPK2/Hp3hanz8JmpATdmmgLgSaadVREkDm+e2giHwY3ZRkyjSIDDFA==
  dependencies:
    function-bind "^1.1.2"

ismobilejs@^1.1.0:
  version "1.1.1"
  resolved "https://registry.npmmirror.com/ismobilejs/-/ismobilejs-1.1.1.tgz#c56ca0ae8e52b24ca0f22ba5ef3215a2ddbbaa0e"
  integrity sha512-VaFW53yt8QO61k2WJui0dHf4SlL8lxBofUuUmwBo0ljPk0Drz2TiuDW4jo3wDcv41qy/SxrJ+VAzJ/qYqsmzRw==

magic-string@^0.30.5:
  version "0.30.5"
  resolved "https://registry.npmmirror.com/magic-string/-/magic-string-0.30.5.tgz#1994d980bd1c8835dc6e78db7cbd4ae4f24746f9"
  integrity sha512-7xlpfBaQaP/T6Vh8MO/EqXSW5En6INHEvEXQiuff7Gku0PWjU3uf6w/j9o7O+SpB5fOAkrI5HeoNgwjEO0pFsA==
  dependencies:
    "@jridgewell/sourcemap-codec" "^1.4.15"

nanoid@^3.3.7:
  version "3.3.7"
  resolved "https://registry.npmmirror.com/nanoid/-/nanoid-3.3.7.tgz#d0c301a691bc8d54efa0a2226ccf3fe2fd656bd8"
  integrity sha512-eSRppjcPIatRIMC1U6UngP8XFcz8MQWGQdt1MTBQ7NaAmvXDfvNxbvWV3x2y6CdEUciCSsDHDQZbhYaB8QEo2g==

object-inspect@^1.9.0:
  version "1.13.1"
  resolved "https://registry.npmmirror.com/object-inspect/-/object-inspect-1.13.1.tgz#b96c6109324ccfef6b12216a956ca4dc2ff94bc2"
  integrity sha512-5qoj1RUiKOMsCCNLV1CBiPYE10sziTsnmNxkAI/rZhiD63CF7IqdFGC/XzjWjpSgLf0LxXX3bDFIh0E18f6UhQ==

picocolors@^1.0.0:
  version "1.0.0"
  resolved "https://registry.npmmirror.com/picocolors/-/picocolors-1.0.0.tgz#cb5bdc74ff3f51892236eaf79d68bc44564ab81c"
  integrity sha512-1fygroTLlHu66zi26VoTDv8yRgm0Fccecssto+MhsZ0D/DGW2sm8E8AjW7NU5VVTRt5GxbeZ5qBuJr+HyLYkjQ==

pixi-spine@^4.0.4:
  version "4.0.4"
  resolved "https://registry.npmmirror.com/pixi-spine/-/pixi-spine-4.0.4.tgz#3eb0f1c202173a1203a5a15757711b9f808b8a79"
  integrity sha512-XRq1yARVoi4av7RXnd9+P37SWI9+e4/f5yTScZPJGB+sY5VcRYN6BYkBQ+y8nUKI1aJIjlms9z+pGxqikm+eFQ==
  dependencies:
    "@pixi-spine/base" "^4.0.3"
    "@pixi-spine/loader-base" "^4.0.4"
    "@pixi-spine/loader-uni" "^4.0.3"
    "@pixi-spine/runtime-3.7" "^4.0.3"
    "@pixi-spine/runtime-3.8" "^4.0.3"
    "@pixi-spine/runtime-4.0" "^4.0.3"
    "@pixi-spine/runtime-4.1" "^4.0.3"

pixi.js@^7.3.2:
  version "7.3.2"
  resolved "https://registry.npmmirror.com/pixi.js/-/pixi.js-7.3.2.tgz#86f0287a3763e9141691f496e384a2763fb6552c"
  integrity sha512-GJickUrT3UcBInGT1CU6cv2oktCdocE5QM74CD3t+weiJPPWIzleNlp7zrBR5QIDdU6bEO8CUgUXH2Y9QvlCMw==
  dependencies:
    "@pixi/accessibility" "7.3.2"
    "@pixi/app" "7.3.2"
    "@pixi/assets" "7.3.2"
    "@pixi/compressed-textures" "7.3.2"
    "@pixi/core" "7.3.2"
    "@pixi/display" "7.3.2"
    "@pixi/events" "7.3.2"
    "@pixi/extensions" "7.3.2"
    "@pixi/extract" "7.3.2"
    "@pixi/filter-alpha" "7.3.2"
    "@pixi/filter-blur" "7.3.2"
    "@pixi/filter-color-matrix" "7.3.2"
    "@pixi/filter-displacement" "7.3.2"
    "@pixi/filter-fxaa" "7.3.2"
    "@pixi/filter-noise" "7.3.2"
    "@pixi/graphics" "7.3.2"
    "@pixi/mesh" "7.3.2"
    "@pixi/mesh-extras" "7.3.2"
    "@pixi/mixin-cache-as-bitmap" "7.3.2"
    "@pixi/mixin-get-child-by-name" "7.3.2"
    "@pixi/mixin-get-global-position" "7.3.2"
    "@pixi/particle-container" "7.3.2"
    "@pixi/prepare" "7.3.2"
    "@pixi/sprite" "7.3.2"
    "@pixi/sprite-animated" "7.3.2"
    "@pixi/sprite-tiling" "7.3.2"
    "@pixi/spritesheet" "7.3.2"
    "@pixi/text" "7.3.2"
    "@pixi/text-bitmap" "7.3.2"
    "@pixi/text-html" "7.3.2"

postcss@^8.4.32:
  version "8.4.32"
  resolved "https://registry.npmmirror.com/postcss/-/postcss-8.4.32.tgz#1dac6ac51ab19adb21b8b34fd2d93a86440ef6c9"
  integrity sha512-D/kj5JNu6oo2EIy+XL/26JEDTlIbB8hw85G8StOE6L74RQAVVP5rej6wxCNqyMbR4RkPfqvezVbPw81Ngd6Kcw==
  dependencies:
    nanoid "^3.3.7"
    picocolors "^1.0.0"
    source-map-js "^1.0.2"

punycode@^1.4.1:
  version "1.4.1"
  resolved "https://registry.npmmirror.com/punycode/-/punycode-1.4.1.tgz#c0d5a63b2718800ad8e1eb0fa5269c84dd41845e"
  integrity sha512-jmYNElW7yvO7TV33CjSmvSiE2yco3bV2czu/OzDKdMNVZQWfxCblURLhf+47syQRBntjfLdd/H0egrzIG+oaFQ==

qs@^6.11.2:
  version "6.11.2"
  resolved "https://registry.npmmirror.com/qs/-/qs-6.11.2.tgz#64bea51f12c1f5da1bc01496f48ffcff7c69d7d9"
  integrity sha512-tDNIz22aBzCDxLtVH++VnTfzxlfeK5CbqohpSqpJgj1Wg/cQbStNAz3NuqCs5vV+pjBsK4x4pN9HlVh7rcYRiA==
  dependencies:
    side-channel "^1.0.4"

rollup@^4.2.0:
  version "4.9.1"
  resolved "https://registry.npmmirror.com/rollup/-/rollup-4.9.1.tgz#351d6c03e4e6bcd7a0339df3618d2aeeb108b507"
  integrity sha512-pgPO9DWzLoW/vIhlSoDByCzcpX92bKEorbgXuZrqxByte3JFk2xSW2JEeAcyLc9Ru9pqcNNW+Ob7ntsk2oT/Xw==
  optionalDependencies:
    "@rollup/rollup-android-arm-eabi" "4.9.1"
    "@rollup/rollup-android-arm64" "4.9.1"
    "@rollup/rollup-darwin-arm64" "4.9.1"
    "@rollup/rollup-darwin-x64" "4.9.1"
    "@rollup/rollup-linux-arm-gnueabihf" "4.9.1"
    "@rollup/rollup-linux-arm64-gnu" "4.9.1"
    "@rollup/rollup-linux-arm64-musl" "4.9.1"
    "@rollup/rollup-linux-riscv64-gnu" "4.9.1"
    "@rollup/rollup-linux-x64-gnu" "4.9.1"
    "@rollup/rollup-linux-x64-musl" "4.9.1"
    "@rollup/rollup-win32-arm64-msvc" "4.9.1"
    "@rollup/rollup-win32-ia32-msvc" "4.9.1"
    "@rollup/rollup-win32-x64-msvc" "4.9.1"
    fsevents "~2.3.2"

set-function-length@^1.1.1:
  version "1.1.1"
  resolved "https://registry.npmmirror.com/set-function-length/-/set-function-length-1.1.1.tgz#4bc39fafb0307224a33e106a7d35ca1218d659ed"
  integrity sha512-VoaqjbBJKiWtg4yRcKBQ7g7wnGnLV3M8oLvVWwOk2PdYY6PEFegR1vezXR0tw6fZGF9csVakIRjrJiy2veSBFQ==
  dependencies:
    define-data-property "^1.1.1"
    get-intrinsic "^1.2.1"
    gopd "^1.0.1"
    has-property-descriptors "^1.0.0"

side-channel@^1.0.4:
  version "1.0.4"
  resolved "https://registry.npmmirror.com/side-channel/-/side-channel-1.0.4.tgz#efce5c8fdc104ee751b25c58d4290011fa5ea2cf"
  integrity sha512-q5XPytqFEIKHkGdiMIrY10mvLRvnQh42/+GoBlFW3b2LXLE2xxJpZFdm94we0BaoV3RwJyGqg5wS7epxTv0Zvw==
  dependencies:
    call-bind "^1.0.0"
    get-intrinsic "^1.0.2"
    object-inspect "^1.9.0"

source-map-js@^1.0.2:
  version "1.0.2"
  resolved "https://registry.npmmirror.com/source-map-js/-/source-map-js-1.0.2.tgz#adbc361d9c62df380125e7f161f71c826f1e490c"
  integrity sha512-R0XvVJ9WusLiqTCEiGCmICCMplcCkIwwR11mOSD9CR5u+IXYdiseeEuXCVAjS54zqwkLcPNnmU4OeJ6tUrWhDw==

url@^0.11.0:
  version "0.11.3"
  resolved "https://registry.npmmirror.com/url/-/url-0.11.3.tgz#6f495f4b935de40ce4a0a52faee8954244f3d3ad"
  integrity sha512-6hxOLGfZASQK/cijlZnZJTq8OXAkt/3YGfQX45vvMYXpZoo8NdWZcY73K108Jf759lS1Bv/8wXnHDTSz17dSRw==
  dependencies:
    punycode "^1.4.1"
    qs "^6.11.2"

vite@^5.0.0:
  version "5.0.10"
  resolved "https://registry.npmmirror.com/vite/-/vite-5.0.10.tgz#1e13ef5c3cf5aa4eed81f5df6d107b3c3f1f6356"
  integrity sha512-2P8J7WWgmc355HUMlFrwofacvr98DAjoE52BfdbwQtyLH06XKwaL/FMnmKM2crF0iX4MpmMKoDlNCB1ok7zHCw==
  dependencies:
    esbuild "^0.19.3"
    postcss "^8.4.32"
    rollup "^4.2.0"
  optionalDependencies:
    fsevents "~2.3.3"

vue@^3.3.4:
  version "3.4.0"
  resolved "https://registry.npmmirror.com/vue/-/vue-3.4.0.tgz#0671a2607265c16ab56041174744b6bed8ac2baa"
  integrity sha512-iTE9Ve/7DO/H39+gXHrNkRdnh1jDwPe/fap4brbPKkp1APMkS03OiZ+UY0dwpqtRX0iPWQTkh8Fu3hKgLtaxfA==
  dependencies:
    "@vue/compiler-dom" "3.4.0"
    "@vue/compiler-sfc" "3.4.0"
    "@vue/runtime-dom" "3.4.0"
    "@vue/server-renderer" "3.4.0"
    "@vue/shared" "3.4.0"
